
Microsoft Visual Studio Solution File, Format Version 12.00
# Visual Studio Version 17
VisualStudioVersion = 17.13.35931.197
MinimumVisualStudioVersion = 10.0.40219.1
Project("{FAE04EC0-301F-11D3-BF4B-00C04F79EFBC}") = "02_CacaAoBugMVC", "02_CacaAoBugMVC.csproj", "{492EC98A-6349-4B98-8330-D636CF0C6201}"
EndProject
Project("{FAE04EC0-301F-11D3-BF4B-00C04F79EFBC}") = "02_CacaAoBugMVC.Test", "02_CacaAoBugMVC.Test\02_CacaAoBugMVC.Test.csproj", "{C533FDC0-93DF-4AD0-962C-2C96DFF01DBD}"
EndProject
Global
	GlobalSection(SolutionConfigurationPlatforms) = preSolution
		Debug|Any CPU = Debug|Any CPU
		Release|Any CPU = Release|Any CPU
	EndGlobalSection
	GlobalSection(ProjectConfigurationPlatforms) = postSolution
		{492EC98A-6349-4B98-8330-D636CF0C6201}.Debug|Any CPU.ActiveCfg = Debug|Any CPU
		{492EC98A-6349-4B98-8330-D636CF0C6201}.Debug|Any CPU.Build.0 = Debug|Any CPU
		{492EC98A-6349-4B98-8330-D636CF0C6201}.Release|Any CPU.ActiveCfg = Release|Any CPU
		{492EC98A-6349-4B98-8330-D636CF0C6201}.Release|Any CPU.Build.0 = Release|Any CPU
		{C533FDC0-93DF-4AD0-962C-2C96DFF01DBD}.Debug|Any CPU.ActiveCfg = Debug|Any CPU
		{C533FDC0-93DF-4AD0-962C-2C96DFF01DBD}.Debug|Any CPU.Build.0 = Debug|Any CPU
		{C533FDC0-93DF-4AD0-962C-2C96DFF01DBD}.Release|Any CPU.ActiveCfg = Release|Any CPU
		{C533FDC0-93DF-4AD0-962C-2C96DFF01DBD}.Release|Any CPU.Build.0 = Release|Any CPU
	EndGlobalSection
	GlobalSection(SolutionProperties) = preSolution
		HideSolutionNode = FALSE
	EndGlobalSection
	GlobalSection(ExtensibilityGlobals) = postSolution
		SolutionGuid = {C56E6C1A-8EB9-42B7-B9AB-6AC52F8A8024}
	EndGlobalSection
EndGlobal
